// !$*UTF8*$!
{
	archiveVersion = 1;
	classes = {
	};
	objectVersion = 56;
	objects = {

/* Begin PBXBuildFile section */
		79F80EAA29BED87000B2CAE8 /* AppDelegate.swift in Sources */ = {isa = PBXBuildFile; fileRef = 79F80EA929BED87000B2CAE8 /* AppDelegate.swift */; };
		79F80EAC29BED87000B2CAE8 /* SceneDelegate.swift in Sources */ = {isa = PBXBuildFile; fileRef = 79F80EAB29BED87000B2CAE8 /* SceneDelegate.swift */; };
		79F80EAE29BED87000B2CAE8 /* MyViewController.swift in Sources */ = {isa = PBXBuildFile; fileRef = 79F80EAD29BED87000B2CAE8 /* MyViewController.swift */; };
		79F80EB129BED87000B2CAE8 /* Main.storyboard in Resources */ = {isa = PBXBuildFile; fileRef = 79F80EAF29BED87000B2CAE8 /* Main.storyboard */; };
		79F80EB329BED87100B2CAE8 /* Assets.xcassets in Resources */ = {isa = PBXBuildFile; fileRef = 79F80EB229BED87100B2CAE8 /* Assets.xcassets */; };
		79F80EB629BED87100B2CAE8 /* LaunchScreen.storyboard in Resources */ = {isa = PBXBuildFile; fileRef = 79F80EB429BED87100B2CAE8 /* LaunchScreen.storyboard */; };
		79F80EC129BED87100B2CAE8 /* CalculsTests.swift in Sources */ = {isa = PBXBuildFile; fileRef = 79F80EC029BED87100B2CAE8 /* CalculsTests.swift */; };
		79F80EDA29BED88200B2CAE8 /* Calculs.swift in Sources */ = {isa = PBXBuildFile; fileRef = 79F80ED929BED88200B2CAE8 /* Calculs.swift */; };
		79F80EDF29BEE16100B2CAE8 /* PresentAlert.swift in Sources */ = {isa = PBXBuildFile; fileRef = 79F80EDE29BEE16100B2CAE8 /* PresentAlert.swift */; };
/* End PBXBuildFile section */

/* Begin PBXContainerItemProxy section */
		79F80EBD29BED87100B2CAE8 /* PBXContainerItemProxy */ = {
			isa = PBXContainerItemProxy;
			containerPortal = 79F80E9E29BED87000B2CAE8 /* Project object */;
			proxyType = 1;
			remoteGlobalIDString = 79F80EA529BED87000B2CAE8;
			remoteInfo = "test 2";
		};
/* End PBXContainerItemProxy section */

/* Begin PBXFileReference section */
		79F80EA629BED87000B2CAE8 /* Calculette.app */ = {isa = PBXFileReference; explicitFileType = wrapper.application; includeInIndex = 0; path = Calculette.app; sourceTree = BUILT_PRODUCTS_DIR; };
		79F80EA929BED87000B2CAE8 /* AppDelegate.swift */ = {isa = PBXFileReference; lastKnownFileType = sourcecode.swift; path = AppDelegate.swift; sourceTree = "<group>"; };
		79F80EAB29BED87000B2CAE8 /* SceneDelegate.swift */ = {isa = PBXFileReference; lastKnownFileType = sourcecode.swift; path = SceneDelegate.swift; sourceTree = "<group>"; };
		79F80EAD29BED87000B2CAE8 /* MyViewController.swift */ = {isa = PBXFileReference; lastKnownFileType = sourcecode.swift; path = MyViewController.swift; sourceTree = "<group>"; };
		79F80EB029BED87000B2CAE8 /* Base */ = {isa = PBXFileReference; lastKnownFileType = file.storyboard; name = Base; path = Base.lproj/Main.storyboard; sourceTree = "<group>"; };
		79F80EB229BED87100B2CAE8 /* Assets.xcassets */ = {isa = PBXFileReference; lastKnownFileType = folder.assetcatalog; path = Assets.xcassets; sourceTree = "<group>"; };
		79F80EB529BED87100B2CAE8 /* Base */ = {isa = PBXFileReference; lastKnownFileType = file.storyboard; name = Base; path = Base.lproj/LaunchScreen.storyboard; sourceTree = "<group>"; };
		79F80EB729BED87100B2CAE8 /* Info.plist */ = {isa = PBXFileReference; lastKnownFileType = text.plist.xml; path = Info.plist; sourceTree = "<group>"; };
		79F80EBC29BED87100B2CAE8 /* CalculetteTests.xctest */ = {isa = PBXFileReference; explicitFileType = wrapper.cfbundle; includeInIndex = 0; path = CalculetteTests.xctest; sourceTree = BUILT_PRODUCTS_DIR; };
		79F80EC029BED87100B2CAE8 /* CalculsTests.swift */ = {isa = PBXFileReference; lastKnownFileType = sourcecode.swift; path = CalculsTests.swift; sourceTree = "<group>"; };
		79F80ED929BED88200B2CAE8 /* Calculs.swift */ = {isa = PBXFileReference; lastKnownFileType = sourcecode.swift; path = Calculs.swift; sourceTree = "<group>"; };
		79F80EDE29BEE16100B2CAE8 /* PresentAlert.swift */ = {isa = PBXFileReference; lastKnownFileType = sourcecode.swift; path = PresentAlert.swift; sourceTree = "<group>"; };
/* End PBXFileReference section */

/* Begin PBXFrameworksBuildPhase section */
		79F80EA329BED87000B2CAE8 /* Frameworks */ = {
			isa = PBXFrameworksBuildPhase;
			buildActionMask = 2147483647;
			files = (
			);
			runOnlyForDeploymentPostprocessing = 0;
		};
		79F80EB929BED87100B2CAE8 /* Frameworks */ = {
			isa = PBXFrameworksBuildPhase;
			buildActionMask = 2147483647;
			files = (
			);
			runOnlyForDeploymentPostprocessing = 0;
		};
/* End PBXFrameworksBuildPhase section */

/* Begin PBXGroup section */
		79F80E9D29BED87000B2CAE8 = {
			isa = PBXGroup;
			children = (
				79F80EA829BED87000B2CAE8 /* test 2 */,
				79F80EBF29BED87100B2CAE8 /* test 2Tests */,
				79F80EA729BED87000B2CAE8 /* Products */,
			);
			sourceTree = "<group>";
		};
		79F80EA729BED87000B2CAE8 /* Products */ = {
			isa = PBXGroup;
			children = (
				79F80EA629BED87000B2CAE8 /* Calculette.app */,
				79F80EBC29BED87100B2CAE8 /* CalculetteTests.xctest */,
			);
			name = Products;
			sourceTree = "<group>";
		};
		79F80EA829BED87000B2CAE8 /* test 2 */ = {
			isa = PBXGroup;
			children = (
				79F80EA929BED87000B2CAE8 /* AppDelegate.swift */,
				79F80EAB29BED87000B2CAE8 /* SceneDelegate.swift */,
				79F80EDB29BED8C900B2CAE8 /* Model */,
				79F80EDC29BED8D500B2CAE8 /* View */,
				79F80EDD29BED8F100B2CAE8 /* Controller */,
				79F80EB729BED87100B2CAE8 /* Info.plist */,
			);
			path = "test 2";
			sourceTree = "<group>";
		};
		79F80EBF29BED87100B2CAE8 /* test 2Tests */ = {
			isa = PBXGroup;
			children = (
				79F80EC029BED87100B2CAE8 /* CalculsTests.swift */,
			);
			path = "test 2Tests";
			sourceTree = "<group>";
		};
		79F80EDB29BED8C900B2CAE8 /* Model */ = {
			isa = PBXGroup;
			children = (
				79F80ED929BED88200B2CAE8 /* Calculs.swift */,
			);
			path = Model;
			sourceTree = "<group>";
		};
		79F80EDC29BED8D500B2CAE8 /* View */ = {
			isa = PBXGroup;
			children = (
				79F80EB229BED87100B2CAE8 /* Assets.xcassets */,
				79F80EB429BED87100B2CAE8 /* LaunchScreen.storyboard */,
				79F80EAF29BED87000B2CAE8 /* Main.storyboard */,
				79F80EDE29BEE16100B2CAE8 /* PresentAlert.swift */,
			);
			path = View;
			sourceTree = "<group>";
		};
		79F80EDD29BED8F100B2CAE8 /* Controller */ = {
			isa = PBXGroup;
			children = (
				79F80EAD29BED87000B2CAE8 /* MyViewController.swift */,
			);
			path = Controller;
			sourceTree = "<group>";
		};
/* End PBXGroup section */

/* Begin PBXNativeTarget section */
		79F80EA529BED87000B2CAE8 /* Calculette */ = {
			isa = PBXNativeTarget;
			buildConfigurationList = 79F80ED029BED87100B2CAE8 /* Build configuration list for PBXNativeTarget "Calculette" */;
			buildPhases = (
				79F80EA229BED87000B2CAE8 /* Sources */,
				79F80EA329BED87000B2CAE8 /* Frameworks */,
				79F80EA429BED87000B2CAE8 /* Resources */,
			);
			buildRules = (
			);
			dependencies = (
			);
			name = Calculette;
			productName = "test 2";
			productReference = 79F80EA629BED87000B2CAE8 /* Calculette.app */;
			productType = "com.apple.product-type.application";
		};
		79F80EBB29BED87100B2CAE8 /* CalculetteTests */ = {
			isa = PBXNativeTarget;
			buildConfigurationList = 79F80ED329BED87100B2CAE8 /* Build configuration list for PBXNativeTarget "CalculetteTests" */;
			buildPhases = (
				79F80EB829BED87100B2CAE8 /* Sources */,
				79F80EB929BED87100B2CAE8 /* Frameworks */,
				79F80EBA29BED87100B2CAE8 /* Resources */,
			);
			buildRules = (
			);
			dependencies = (
				79F80EBE29BED87100B2CAE8 /* PBXTargetDependency */,
			);
			name = CalculetteTests;
			productName = "test 2Tests";
			productReference = 79F80EBC29BED87100B2CAE8 /* CalculetteTests.xctest */;
			productType = "com.apple.product-type.bundle.unit-test";
		};
/* End PBXNativeTarget section */

/* Begin PBXProject section */
		79F80E9E29BED87000B2CAE8 /* Project object */ = {
			isa = PBXProject;
			attributes = {
				BuildIndependentTargetsInParallel = 1;
				LastSwiftUpdateCheck = 1420;
				LastUpgradeCheck = 1420;
				TargetAttributes = {
					79F80EA529BED87000B2CAE8 = {
						CreatedOnToolsVersion = 14.2;
					};
					79F80EBB29BED87100B2CAE8 = {
						CreatedOnToolsVersion = 14.2;
						TestTargetID = 79F80EA529BED87000B2CAE8;
					};
				};
			};
			buildConfigurationList = 79F80EA129BED87000B2CAE8 /* Build configuration list for PBXProject "Calculette" */;
			compatibilityVersion = "Xcode 14.0";
			developmentRegion = en;
			hasScannedForEncodings = 0;
			knownRegions = (
				en,
				Base,
			);
			mainGroup = 79F80E9D29BED87000B2CAE8;
			productRefGroup = 79F80EA729BED87000B2CAE8 /* Products */;
			projectDirPath = "";
			projectRoot = "";
			targets = (
				79F80EA529BED87000B2CAE8 /* Calculette */,
				79F80EBB29BED87100B2CAE8 /* CalculetteTests */,
			);
		};
/* End PBXProject section */

/* Begin PBXResourcesBuildPhase section */
		79F80EA429BED87000B2CAE8 /* Resources */ = {
			isa = PBXResourcesBuildPhase;
			buildActionMask = 2147483647;
			files = (
				79F80EB629BED87100B2CAE8 /* LaunchScreen.storyboard in Resources */,
				79F80EB329BED87100B2CAE8 /* Assets.xcassets in Resources */,
				79F80EB129BED87000B2CAE8 /* Main.storyboard in Resources */,
			);
			runOnlyForDeploymentPostprocessing = 0;
		};
		79F80EBA29BED87100B2CAE8 /* Resources */ = {
			isa = PBXResourcesBuildPhase;
			buildActionMask = 2147483647;
			files = (
			);
			runOnlyForDeploymentPostprocessing = 0;
		};
/* End PBXResourcesBuildPhase section */

/* Begin PBXSourcesBuildPhase section */
		79F80EA229BED87000B2CAE8 /* Sources */ = {
			isa = PBXSourcesBuildPhase;
			buildActionMask = 2147483647;
			files = (
				79F80EAE29BED87000B2CAE8 /* MyViewController.swift in Sources */,
				79F80EAA29BED87000B2CAE8 /* AppDelegate.swift in Sources */,
				79F80EAC29BED87000B2CAE8 /* SceneDelegate.swift in Sources */,
				79F80EDA29BED88200B2CAE8 /* Calculs.swift in Sources */,
				79F80EDF29BEE16100B2CAE8 /* PresentAlert.swift in Sources */,
			);
			runOnlyForDeploymentPostprocessing = 0;
		};
		79F80EB829BED87100B2CAE8 /* Sources */ = {
			isa = PBXSourcesBuildPhase;
			buildActionMask = 2147483647;
			files = (
				79F80EC129BED87100B2CAE8 /* CalculsTests.swift in Sources */,
			);
			runOnlyForDeploymentPostprocessing = 0;
		};
/* End PBXSourcesBuildPhase section */

/* Begin PBXTargetDependency section */
		79F80EBE29BED87100B2CAE8 /* PBXTargetDependency */ = {
			isa = PBXTargetDependency;
			target = 79F80EA529BED87000B2CAE8 /* Calculette */;
			targetProxy = 79F80EBD29BED87100B2CAE8 /* PBXContainerItemProxy */;
		};
/* End PBXTargetDependency section */

/* Begin PBXVariantGroup section */
		79F80EAF29BED87000B2CAE8 /* Main.storyboard */ = {
			isa = PBXVariantGroup;
			children = (
				79F80EB029BED87000B2CAE8 /* Base */,
			);
			name = Main.storyboard;
			sourceTree = "<group>";
		};
		79F80EB429BED87100B2CAE8 /* LaunchScreen.storyboard */ = {
			isa = PBXVariantGroup;
			children = (
				79F80EB529BED87100B2CAE8 /* Base */,
			);
			name = LaunchScreen.storyboard;
			sourceTree = "<group>";
		};
/* End PBXVariantGroup section */

/* Begin XCBuildConfiguration section */
		79F80ECE29BED87100B2CAE8 /* Debug */ = {
			isa = XCBuildConfiguration;
			buildSettings = {
				ALWAYS_SEARCH_USER_PATHS = NO;
				CLANG_ANALYZER_NONNULL = YES;
				CLANG_ANALYZER_NUMBER_OBJECT_CONVERSION = YES_AGGRESSIVE;
				CLANG_CXX_LANGUAGE_STANDARD = "gnu++20";
				CLANG_ENABLE_MODULES = YES;
				CLANG_ENABLE_OBJC_ARC = YES;
				CLANG_ENABLE_OBJC_WEAK = YES;
				CLANG_WARN_BLOCK_CAPTURE_AUTORELEASING = YES;
				CLANG_WARN_BOOL_CONVERSION = YES;
				CLANG_WARN_COMMA = YES;
				CLANG_WARN_CONSTANT_CONVERSION = YES;
				CLANG_WARN_DEPRECATED_OBJC_IMPLEMENTATIONS = YES;
				CLANG_WARN_DIRECT_OBJC_ISA_USAGE = YES_ERROR;
				CLANG_WARN_DOCUMENTATION_COMMENTS = YES;
				CLANG_WARN_EMPTY_BODY = YES;
				CLANG_WARN_ENUM_CONVERSION = YES;
				CLANG_WARN_INFINITE_RECURSION = YES;
				CLANG_WARN_INT_CONVERSION = YES;
				CLANG_WARN_NON_LITERAL_NULL_CONVERSION = YES;
				CLANG_WARN_OBJC_IMPLICIT_RETAIN_SELF = YES;
				CLANG_WARN_OBJC_LITERAL_CONVERSION = YES;
				CLANG_WARN_OBJC_ROOT_CLASS = YES_ERROR;
				CLANG_WARN_QUOTED_INCLUDE_IN_FRAMEWORK_HEADER = YES;
				CLANG_WARN_RANGE_LOOP_ANALYSIS = YES;
				CLANG_WARN_STRICT_PROTOTYPES = YES;
				CLANG_WARN_SUSPICIOUS_MOVE = YES;
				CLANG_WARN_UNGUARDED_AVAILABILITY = YES_AGGRESSIVE;
				CLANG_WARN_UNREACHABLE_CODE = YES;
				CLANG_WARN__DUPLICATE_METHOD_MATCH = YES;
				COPY_PHASE_STRIP = NO;
				DEBUG_INFORMATION_FORMAT = dwarf;
				ENABLE_STRICT_OBJC_MSGSEND = YES;
				ENABLE_TESTABILITY = YES;
				GCC_C_LANGUAGE_STANDARD = gnu11;
				GCC_DYNAMIC_NO_PIC = NO;
				GCC_NO_COMMON_BLOCKS = YES;
				GCC_OPTIMIZATION_LEVEL = 0;
				GCC_PREPROCESSOR_DEFINITIONS = (
					"DEBUG=1",
					"$(inherited)",
				);
				GCC_WARN_64_TO_32_BIT_CONVERSION = YES;
				GCC_WARN_ABOUT_RETURN_TYPE = YES_ERROR;
				GCC_WARN_UNDECLARED_SELECTOR = YES;
				GCC_WARN_UNINITIALIZED_AUTOS = YES_AGGRESSIVE;
				GCC_WARN_UNUSED_FUNCTION = YES;
				GCC_WARN_UNUSED_VARIABLE = YES;
				IPHONEOS_DEPLOYMENT_TARGET = 16.2;
				MTL_ENABLE_DEBUG_INFO = INCLUDE_SOURCE;
				MTL_FAST_MATH = YES;
				ONLY_ACTIVE_ARCH = YES;
				SDKROOT = iphoneos;
				SWIFT_ACTIVE_COMPILATION_CONDITIONS = DEBUG;
				SWIFT_OPTIMIZATION_LEVEL = "-Onone";
			};
			name = Debug;
		};
		79F80ECF29BED87100B2CAE8 /* Release */ = {
			isa = XCBuildConfiguration;
			buildSettings = {
				ALWAYS_SEARCH_USER_PATHS = NO;
				CLANG_ANALYZER_NONNULL = YES;
				CLANG_ANALYZER_NUMBER_OBJECT_CONVERSION = YES_AGGRESSIVE;
				CLANG_CXX_LANGUAGE_STANDARD = "gnu++20";
				CLANG_ENABLE_MODULES = YES;
				CLANG_ENABLE_OBJC_ARC = YES;
				CLANG_ENABLE_OBJC_WEAK = YES;
				CLANG_WARN_BLOCK_CAPTURE_AUTORELEASING = YES;
				CLANG_WARN_BOOL_CONVERSION = YES;
				CLANG_WARN_COMMA = YES;
				CLANG_WARN_CONSTANT_CONVERSION = YES;
				CLANG_WARN_DEPRECATED_OBJC_IMPLEMENTATIONS = YES;
				CLANG_WARN_DIRECT_OBJC_ISA_USAGE = YES_ERROR;
				CLANG_WARN_DOCUMENTATION_COMMENTS = YES;
				CLANG_WARN_EMPTY_BODY = YES;
				CLANG_WARN_ENUM_CONVERSION = YES;
				CLANG_WARN_INFINITE_RECURSION = YES;
				CLANG_WARN_INT_CONVERSION = YES;
				CLANG_WARN_NON_LITERAL_NULL_CONVERSION = YES;
				CLANG_WARN_OBJC_IMPLICIT_RETAIN_SELF = YES;
				CLANG_WARN_OBJC_LITERAL_CONVERSION = YES;
				CLANG_WARN_OBJC_ROOT_CLASS = YES_ERROR;
				CLANG_WARN_QUOTED_INCLUDE_IN_FRAMEWORK_HEADER = YES;
				CLANG_WARN_RANGE_LOOP_ANALYSIS = YES;
				CLANG_WARN_STRICT_PROTOTYPES = YES;
				CLANG_WARN_SUSPICIOUS_MOVE = YES;
				CLANG_WARN_UNGUARDED_AVAILABILITY = YES_AGGRESSIVE;
				CLANG_WARN_UNREACHABLE_CODE = YES;
				CLANG_WARN__DUPLICATE_METHOD_MATCH = YES;
				COPY_PHASE_STRIP = NO;
				DEBUG_INFORMATION_FORMAT = "dwarf-with-dsym";
				ENABLE_NS_ASSERTIONS = NO;
				ENABLE_STRICT_OBJC_MSGSEND = YES;
				GCC_C_LANGUAGE_STANDARD = gnu11;
				GCC_NO_COMMON_BLOCKS = YES;
				GCC_WARN_64_TO_32_BIT_CONVERSION = YES;
				GCC_WARN_ABOUT_RETURN_TYPE = YES_ERROR;
				GCC_WARN_UNDECLARED_SELECTOR = YES;
				GCC_WARN_UNINITIALIZED_AUTOS = YES_AGGRESSIVE;
				GCC_WARN_UNUSED_FUNCTION = YES;
				GCC_WARN_UNUSED_VARIABLE = YES;
				IPHONEOS_DEPLOYMENT_TARGET = 16.2;
				MTL_ENABLE_DEBUG_INFO = NO;
				MTL_FAST_MATH = YES;
				SDKROOT = iphoneos;
				SWIFT_COMPILATION_MODE = wholemodule;
				SWIFT_OPTIMIZATION_LEVEL = "-O";
				VALIDATE_PRODUCT = YES;
			};
			name = Release;
		};
		79F80ED129BED87100B2CAE8 /* Debug */ = {
			isa = XCBuildConfiguration;
			buildSettings = {
				ASSETCATALOG_COMPILER_APPICON_NAME = AppIcon;
				ASSETCATALOG_COMPILER_GLOBAL_ACCENT_COLOR_NAME = AccentColor;
				CODE_SIGN_STYLE = Automatic;
				CURRENT_PROJECT_VERSION = 1;
				DEVELOPMENT_TEAM = 7CPSWJN2YR;
				GENERATE_INFOPLIST_FILE = YES;
				INFOPLIST_FILE = "test 2/Info.plist";
				INFOPLIST_KEY_UIApplicationSupportsIndirectInputEvents = YES;
				INFOPLIST_KEY_UILaunchStoryboardName = LaunchScreen;
				INFOPLIST_KEY_UIMainStoryboardFile = Main;
				INFOPLIST_KEY_UISupportedInterfaceOrientations_iPad = "UIInterfaceOrientationPortrait UIInterfaceOrientationPortraitUpsideDown UIInterfaceOrientationLandscapeLeft UIInterfaceOrientationLandscapeRight";
				INFOPLIST_KEY_UISupportedInterfaceOrientations_iPhone = "UIInterfaceOrientationPortrait UIInterfaceOrientationLandscapeLeft UIInterfaceOrientationLandscapeRight";
				LD_RUNPATH_SEARCH_PATHS = (
					"$(inherited)",
					"@executable_path/Frameworks",
				);
				MARKETING_VERSION = 1.0;
				PRODUCT_BUNDLE_IDENTIFIER = "fr.gridaineflore.test-2";
				PRODUCT_NAME = "$(TARGET_NAME)";
				SWIFT_EMIT_LOC_STRINGS = YES;
				SWIFT_VERSION = 5.0;
				TARGETED_DEVICE_FAMILY = "1,2";
			};
			name = Debug;
		};
		79F80ED229BED87100B2CAE8 /* Release */ = {
			isa = XCBuildConfiguration;
			buildSettings = {
				ASSETCATALOG_COMPILER_APPICON_NAME = AppIcon;
				ASSETCATALOG_COMPILER_GLOBAL_ACCENT_COLOR_NAME = AccentColor;
				CODE_SIGN_STYLE = Automatic;
				CURRENT_PROJECT_VERSION = 1;
				DEVELOPMENT_TEAM = 7CPSWJN2YR;
				GENERATE_INFOPLIST_FILE = YES;
				INFOPLIST_FILE = "test 2/Info.plist";
				INFOPLIST_KEY_UIApplicationSupportsIndirectInputEvents = YES;
				INFOPLIST_KEY_UILaunchStoryboardName = LaunchScreen;
				INFOPLIST_KEY_UIMainStoryboardFile = Main;
				INFOPLIST_KEY_UISupportedInterfaceOrientations_iPad = "UIInterfaceOrientationPortrait UIInterfaceOrientationPortraitUpsideDown UIInterfaceOrientationLandscapeLeft UIInterfaceOrientationLandscapeRight";
				INFOPLIST_KEY_UISupportedInterfaceOrientations_iPhone = "UIInterfaceOrientationPortrait UIInterfaceOrientationLandscapeLeft UIInterfaceOrientationLandscapeRight";
				LD_RUNPATH_SEARCH_PATHS = (
					"$(inherited)",
					"@executable_path/Frameworks",
				);
				MARKETING_VERSION = 1.0;
				PRODUCT_BUNDLE_IDENTIFIER = "fr.gridaineflore.test-2";
				PRODUCT_NAME = "$(TARGET_NAME)";
				SWIFT_EMIT_LOC_STRINGS = YES;
				SWIFT_VERSION = 5.0;
				TARGETED_DEVICE_FAMILY = "1,2";
			};
			name = Release;
		};
		79F80ED429BED87100B2CAE8 /* Debug */ = {
			isa = XCBuildConfiguration;
			buildSettings = {
				ALWAYS_EMBED_SWIFT_STANDARD_LIBRARIES = YES;
				BUNDLE_LOADER = "$(TEST_HOST)";
				CODE_SIGN_STYLE = Automatic;
				CURRENT_PROJECT_VERSION = 1;
				DEVELOPMENT_TEAM = 7CPSWJN2YR;
				GENERATE_INFOPLIST_FILE = YES;
				IPHONEOS_DEPLOYMENT_TARGET = 16.2;
				MARKETING_VERSION = 1.0;
				PRODUCT_BUNDLE_IDENTIFIER = "fr.gridaineflore.test-2Tests";
				PRODUCT_NAME = "$(TARGET_NAME)";
				SWIFT_EMIT_LOC_STRINGS = NO;
				SWIFT_VERSION = 5.0;
				TARGETED_DEVICE_FAMILY = "1,2";
				TEST_HOST = "$(BUILT_PRODUCTS_DIR)/Calculette.app/$(BUNDLE_EXECUTABLE_FOLDER_PATH)/Calculette";
			};
			name = Debug;
		};
		79F80ED529BED87100B2CAE8 /* Release */ = {
			isa = XCBuildConfiguration;
			buildSettings = {
				ALWAYS_EMBED_SWIFT_STANDARD_LIBRARIES = YES;
				BUNDLE_LOADER = "$(TEST_HOST)";
				CODE_SIGN_STYLE = Automatic;
				CURRENT_PROJECT_VERSION = 1;
				DEVELOPMENT_TEAM = 7CPSWJN2YR;
				GENERATE_INFOPLIST_FILE = YES;
				IPHONEOS_DEPLOYMENT_TARGET = 16.2;
				MARKETING_VERSION = 1.0;
				PRODUCT_BUNDLE_IDENTIFIER = "fr.gridaineflore.test-2Tests";
				PRODUCT_NAME = "$(TARGET_NAME)";
				SWIFT_EMIT_LOC_STRINGS = NO;
				SWIFT_VERSION = 5.0;
				TARGETED_DEVICE_FAMILY = "1,2";
				TEST_HOST = "$(BUILT_PRODUCTS_DIR)/Calculette.app/$(BUNDLE_EXECUTABLE_FOLDER_PATH)/Calculette";
			};
			name = Release;
		};
/* End XCBuildConfiguration section */

/* Begin XCConfigurationList section */
		79F80EA129BED87000B2CAE8 /* Build configuration list for PBXProject "Calculette" */ = {
			isa = XCConfigurationList;
			buildConfigurations = (
				79F80ECE29BED87100B2CAE8 /* Debug */,
				79F80ECF29BED87100B2CAE8 /* Release */,
			);
			defaultConfigurationIsVisible = 0;
			defaultConfigurationName = Release;
		};
		79F80ED029BED87100B2CAE8 /* Build configuration list for PBXNativeTarget "Calculette" */ = {
			isa = XCConfigurationList;
			buildConfigurations = (
				79F80ED129BED87100B2CAE8 /* Debug */,
				79F80ED229BED87100B2CAE8 /* Release */,
			);
			defaultConfigurationIsVisible = 0;
			defaultConfigurationName = Release;
		};
		79F80ED329BED87100B2CAE8 /* Build configuration list for PBXNativeTarget "CalculetteTests" */ = {
			isa = XCConfigurationList;
			buildConfigurations = (
				79F80ED429BED87100B2CAE8 /* Debug */,
				79F80ED529BED87100B2CAE8 /* Release */,
			);
			defaultConfigurationIsVisible = 0;
			defaultConfigurationName = Release;
		};
/* End XCConfigurationList section */
	};
	rootObject = 79F80E9E29BED87000B2CAE8 /* Project object */;
}
